
Microsoft Visual Studio Solution File, Format Version 12.00
# Visual Studio Version 17
VisualStudioVersion = 17.2.32526.322
MinimumVisualStudioVersion = 10.0.40219.1
Project("{FAE04EC0-301F-11D3-BF4B-00C04F79EFBC}") = "TCP_Server", "TCP_Server\TCP_Server.csproj", "{A2855D23-93C8-49DC-A3B4-00FBECA63697}"
EndProject
Global
	GlobalSection(SolutionConfigurationPlatforms) = preSolution
		Debug|Any CPU = Debug|Any CPU
		Release|Any CPU = Release|Any CPU
	EndGlobalSection
	GlobalSection(ProjectConfigurationPlatforms) = postSolution
		{A2855D23-93C8-49DC-A3B4-00FBECA63697}.Debug|Any CPU.ActiveCfg = Debug|Any CPU
		{A2855D23-93C8-49DC-A3B4-00FBECA63697}.Debug|Any CPU.Build.0 = Debug|Any CPU
		{A2855D23-93C8-49DC-A3B4-00FBECA63697}.Release|Any CPU.ActiveCfg = Release|Any CPU
		{A2855D23-93C8-49DC-A3B4-00FBECA63697}.Release|Any CPU.Build.0 = Release|Any CPU
	EndGlobalSection
	GlobalSection(SolutionProperties) = preSolution
		HideSolutionNode = FALSE
	EndGlobalSection
	GlobalSection(ExtensibilityGlobals) = postSolution
		SolutionGuid = {F43A3994-E31A-4E6A-B183-A8F61C0A29B7}
	EndGlobalSection
EndGlobal
